
Microsoft Visual Studio Solution File, Format Version 12.00
# Visual Studio Version 16
VisualStudioVersion = 16.0.35425.106
MinimumVisualStudioVersion = 10.0.40219.1
Project("{FAE04EC0-301F-11D3-BF4B-00C04F79EFBC}") = "TestCalculator", "TestCalculator\TestCalculator.csproj", "{00A46D3E-CC3A-433F-9F55-A6247FE5BBCF}"
EndProject
Global
	GlobalSection(SolutionConfigurationPlatforms) = preSolution
		Debug|Any CPU = Debug|Any CPU
		Release|Any CPU = Release|Any CPU
	EndGlobalSection
	GlobalSection(ProjectConfigurationPlatforms) = postSolution
		{00A46D3E-CC3A-433F-9F55-A6247FE5BBCF}.Debug|Any CPU.ActiveCfg = Debug|Any CPU
		{00A46D3E-CC3A-433F-9F55-A6247FE5BBCF}.Debug|Any CPU.Build.0 = Debug|Any CPU
		{00A46D3E-CC3A-433F-9F55-A6247FE5BBCF}.Release|Any CPU.ActiveCfg = Release|Any CPU
		{00A46D3E-CC3A-433F-9F55-A6247FE5BBCF}.Release|Any CPU.Build.0 = Release|Any CPU
	EndGlobalSection
	GlobalSection(SolutionProperties) = preSolution
		HideSolutionNode = FALSE
	EndGlobalSection
	GlobalSection(ExtensibilityGlobals) = postSolution
		SolutionGuid = {C3B8049F-D94F-4B3C-A751-B29DDE339AD9}
	EndGlobalSection
EndGlobal
